
Microsoft Visual Studio Solution File, Format Version 12.00
# Visual Studio Version 17
VisualStudioVersion = 17.9.34728.123
MinimumVisualStudioVersion = 10.0.40219.1
Project("{C9674DCB-5085-4A16-B785-4C70DD1589BD}") = "SSIS_proj1", "SSIS_proj1.dtproj", "{67E48745-753A-4987-85B7-A703506EDE6C}"
EndProject
Global
	GlobalSection(SolutionConfigurationPlatforms) = preSolution
		Development|Default = Development|Default
	EndGlobalSection
	GlobalSection(ProjectConfigurationPlatforms) = postSolution
		{67E48745-753A-4987-85B7-A703506EDE6C}.Development|Default.ActiveCfg = Development
		{67E48745-753A-4987-85B7-A703506EDE6C}.Development|Default.Build.0 = Development
	EndGlobalSection
	GlobalSection(SolutionProperties) = preSolution
		HideSolutionNode = FALSE
	EndGlobalSection
	GlobalSection(ExtensibilityGlobals) = postSolution
		SolutionGuid = {7493D40B-D697-41F8-A0D8-D4CC26044FC9}
	EndGlobalSection
EndGlobal
